
Microsoft Visual Studio Solution File, Format Version 12.00
# Visual Studio Version 17
VisualStudioVersion = 17.9.34723.18
MinimumVisualStudioVersion = 10.0.40219.1
Project("{FAE04EC0-301F-11D3-BF4B-00C04F79EFBC}") = "ZooManagement.API", "ZooManagement.API\ZooManagement.API.csproj", "{B79EBFB1-9799-48EB-80D8-26D51939CED8}"
EndProject
Global
	GlobalSection(SolutionConfigurationPlatforms) = preSolution
		Debug|Any CPU = Debug|Any CPU
		Release|Any CPU = Release|Any CPU
	EndGlobalSection
	GlobalSection(ProjectConfigurationPlatforms) = postSolution
		{B79EBFB1-9799-48EB-80D8-26D51939CED8}.Debug|Any CPU.ActiveCfg = Debug|Any CPU
		{B79EBFB1-9799-48EB-80D8-26D51939CED8}.Debug|Any CPU.Build.0 = Debug|Any CPU
		{B79EBFB1-9799-48EB-80D8-26D51939CED8}.Release|Any CPU.ActiveCfg = Release|Any CPU
		{B79EBFB1-9799-48EB-80D8-26D51939CED8}.Release|Any CPU.Build.0 = Release|Any CPU
	EndGlobalSection
	GlobalSection(SolutionProperties) = preSolution
		HideSolutionNode = FALSE
	EndGlobalSection
	GlobalSection(ExtensibilityGlobals) = postSolution
		SolutionGuid = {BBEE3585-6177-4165-BEF8-3268E72ABF17}
	EndGlobalSection
EndGlobal
